
Microsoft Visual Studio Solution File, Format Version 12.00
# Visual Studio Version 17
VisualStudioVersion = 17.3.32922.545
MinimumVisualStudioVersion = 10.0.40219.1
Project("{FAE04EC0-301F-11D3-BF4B-00C04F79EFBC}") = "BulkyBookWeb", "BulkyBookWeb\BulkyBookWeb.csproj", "{6BFEDFBB-16D7-44B1-BE7A-710E560FAEEE}"
EndProject
Global
	GlobalSection(SolutionConfigurationPlatforms) = preSolution
		Debug|Any CPU = Debug|Any CPU
		Release|Any CPU = Release|Any CPU
	EndGlobalSection
	GlobalSection(ProjectConfigurationPlatforms) = postSolution
		{6BFEDFBB-16D7-44B1-BE7A-710E560FAEEE}.Debug|Any CPU.ActiveCfg = Debug|Any CPU
		{6BFEDFBB-16D7-44B1-BE7A-710E560FAEEE}.Debug|Any CPU.Build.0 = Debug|Any CPU
		{6BFEDFBB-16D7-44B1-BE7A-710E560FAEEE}.Release|Any CPU.ActiveCfg = Release|Any CPU
		{6BFEDFBB-16D7-44B1-BE7A-710E560FAEEE}.Release|Any CPU.Build.0 = Release|Any CPU
	EndGlobalSection
	GlobalSection(SolutionProperties) = preSolution
		HideSolutionNode = FALSE
	EndGlobalSection
	GlobalSection(ExtensibilityGlobals) = postSolution
		SolutionGuid = {F8D07CBB-7404-492B-A0C4-98BB6316BA94}
	EndGlobalSection
EndGlobal
